Microsoft Visual Studio Solution File, Format Version 12.00
# Visual Studio Version 17
VisualStudioVersion = 17.5.2.0
MinimumVisualStudioVersion = 10.0.40219.1
Project("{FAE04EC0-301F-11D3-BF4B-00C04F79EFBC}") = "DotaholdLegacy", "DotaholdLegacy.csproj", "{E8BB3B2D-9989-C908-DE8A-0BA75D576DB2}"
EndProject
Global
	GlobalSection(SolutionConfigurationPlatforms) = preSolution
		Debug|Any CPU = Debug|Any CPU
		Release|Any CPU = Release|Any CPU
	EndGlobalSection
	GlobalSection(ProjectConfigurationPlatforms) = postSolution
		{E8BB3B2D-9989-C908-DE8A-0BA75D576DB2}.Debug|Any CPU.ActiveCfg = Debug|Any CPU
		{E8BB3B2D-9989-C908-DE8A-0BA75D576DB2}.Debug|Any CPU.Build.0 = Debug|Any CPU
		{E8BB3B2D-9989-C908-DE8A-0BA75D576DB2}.Release|Any CPU.ActiveCfg = Release|Any CPU
		{E8BB3B2D-9989-C908-DE8A-0BA75D576DB2}.Release|Any CPU.Build.0 = Release|Any CPU
	EndGlobalSection
	GlobalSection(SolutionProperties) = preSolution
		HideSolutionNode = FALSE
	EndGlobalSection
	GlobalSection(ExtensibilityGlobals) = postSolution
		SolutionGuid = {07C1FDA8-73AE-4BAE-97FF-CC1691A7295D}
	EndGlobalSection
EndGlobal
